
Microsoft Visual Studio Solution File, Format Version 12.00
# Visual Studio Version 16
VisualStudioVersion = 16.0.31911.196
MinimumVisualStudioVersion = 10.0.40219.1
Project("{FAE04EC0-301F-11D3-BF4B-00C04F79EFBC}") = "SocialMedia", "SocialMedia\SocialMedia.csproj", "{B2FA765A-BCC8-40F0-BB7F-2CC44FC2B770}"
EndProject
Global
	GlobalSection(SolutionConfigurationPlatforms) = preSolution
		Debug|Any CPU = Debug|Any CPU
		Release|Any CPU = Release|Any CPU
	EndGlobalSection
	GlobalSection(ProjectConfigurationPlatforms) = postSolution
		{B2FA765A-BCC8-40F0-BB7F-2CC44FC2B770}.Debug|Any CPU.ActiveCfg = Debug|Any CPU
		{B2FA765A-BCC8-40F0-BB7F-2CC44FC2B770}.Debug|Any CPU.Build.0 = Debug|Any CPU
		{B2FA765A-BCC8-40F0-BB7F-2CC44FC2B770}.Release|Any CPU.ActiveCfg = Release|Any CPU
		{B2FA765A-BCC8-40F0-BB7F-2CC44FC2B770}.Release|Any CPU.Build.0 = Release|Any CPU
	EndGlobalSection
	GlobalSection(SolutionProperties) = preSolution
		HideSolutionNode = FALSE
	EndGlobalSection
	GlobalSection(ExtensibilityGlobals) = postSolution
		SolutionGuid = {322DABBC-469E-487C-B6D5-C8ECEDB82334}
	EndGlobalSection
EndGlobal
